{
  "name": "post-build",
  "version": "1.0.1",
  "lockfileVersion": 1,
  "requires": true,
  "dependencies": {
    "archiver": {
      "version": "5.0.2",
      "resolved": "https://artifactory.corp.adobe.com:443/artifactory/api/npm/npmjs-remote/archiver/-/archiver-5.0.2.tgz",
      "integrity": "sha1-ssQ1gjSZsfRusHqhjnvLMy9so/w=",
      "requires": {
        "archiver-utils": "^2.1.0",
        "async": "^3.2.0",
        "buffer-crc32": "^0.2.1",
        "readable-stream": "^3.6.0",
        "readdir-glob": "^1.0.0",
        "tar-stream": "^2.1.4",
        "zip-stream": "^4.0.0"
      }
    },
    "archiver-utils": {
      "version": "2.1.0",
      "resolved": "https://artifactory.corp.adobe.com:443/artifactory/api/npm/npmjs-remote/archiver-utils/-/archiver-utils-2.1.0.tgz",
      "integrity": "sha1-6KRg6UtpPD49oYKgmMpihbqSSeI=",
      "requires": {
        "glob": "^7.1.4",
        "graceful-fs": "^4.2.0",
        "lazystream": "^1.0.0",
        "lodash.defaults": "^4.2.0",
        "lodash.difference": "^4.5.0",
        "lodash.flatten": "^4.4.0",
        "lodash.isplainobject": "^4.0.6",
        "lodash.union": "^4.6.0",
        "normalize-path": "^3.0.0",
        "readable-stream": "^2.0.0"
      },
      "dependencies": {
        "readable-stream": {
          "version": "2.3.7",
          "resolved": "https://artifactory.corp.adobe.com:443/artifactory/api/npm/npmjs-remote/readable-stream/-/readable-stream-2.3.7.tgz",
          "integrity": "sha1-Hsoc9xGu+BTAT2IlKjamL2yyO1c=",
          "requires": {
            "core-util-is": "~1.0.0",
            "inherits": "~2.0.3",
            "isarray": "~1.0.0",
            "process-nextick-args": "~2.0.0",
            "safe-buffer": "~5.1.1",
            "string_decoder": "~1.1.1",
            "util-deprecate": "~1.0.1"
          }
        }
      }
    },
    "async": {
      "version": "3.2.0",
      "resolved": "https://artifactory.corp.adobe.com:443/artifactory/api/npm/npmjs-remote/async/-/async-3.2.0.tgz",
      "integrity": "sha1-s6JoXF67ZB094C0WEALGD8n4VyA="
    },
    "balanced-match": {
      "version": "1.0.0",
      "resolved": "https://artifactory.corp.adobe.com:443/artifactory/api/npm/npmjs-remote/balanced-match/-/balanced-match-1.0.0.tgz",
      "integrity": "sha1-ibTRmasr7kneFk6gK4nORi1xt2c="
    },
    "base64-js": {
      "version": "1.3.1",
      "resolved": "https://artifactory.corp.adobe.com:443/artifactory/api/npm/npmjs-remote/base64-js/-/base64-js-1.3.1.tgz",
      "integrity": "sha1-WOzoy3XdB+ce0IxzarxfrE2/jfE="
    },
    "bl": {
      "version": "4.0.3",
      "resolved": "https://artifactory.corp.adobe.com:443/artifactory/api/npm/npmjs-remote/bl/-/bl-4.0.3.tgz",
      "integrity": "sha1-EtYoetwpCA4ipwXldksqlSLNxIk=",
      "requires": {
        "buffer": "^5.5.0",
        "inherits": "^2.0.4",
        "readable-stream": "^3.4.0"
      }
    },
    "brace-expansion": {
      "version": "1.1.11",
      "resolved": "https://artifactory.corp.adobe.com:443/artifactory/api/npm/npmjs-remote/brace-expansion/-/brace-expansion-1.1.11.tgz",
      "integrity": "sha1-PH/L9SnYcibz0vUrlm/1Jx60Qd0=",
      "requires": {
        "balanced-match": "^1.0.0",
        "concat-map": "0.0.1"
      }
    },
    "buffer": {
      "version": "5.6.0",
      "resolved": "https://artifactory.corp.adobe.com:443/artifactory/api/npm/npmjs-remote/buffer/-/buffer-5.6.0.tgz",
      "integrity": "sha1-oxdJ3H2B2E2wir+Te2uMQDP2J4Y=",
      "requires": {
        "base64-js": "^1.0.2",
        "ieee754": "^1.1.4"
      }
    },
    "buffer-crc32": {
      "version": "0.2.13",
      "resolved": "https://artifactory.corp.adobe.com:443/artifactory/api/npm/npmjs-remote/buffer-crc32/-/buffer-crc32-0.2.13.tgz",
      "integrity": "sha1-DTM+PwDqxQqhRUq9MO+MKl2ackI="
    },
    "chownr": {
      "version": "2.0.0",
      "resolved": "https://artifactory.corp.adobe.com:443/artifactory/api/npm/npmjs-remote/chownr/-/chownr-2.0.0.tgz",
      "integrity": "sha1-Fb++U9LqtM9w8YqM1o6+Wzyx3s4="
    },
    "compress-commons": {
      "version": "4.0.1",
      "resolved": "https://artifactory.corp.adobe.com:443/artifactory/api/npm/npmjs-remote/compress-commons/-/compress-commons-4.0.1.tgz",
      "integrity": "sha1-xfqQinkaDHEyn7ohHXPNKjIAXqg=",
      "requires": {
        "buffer-crc32": "^0.2.13",
        "crc32-stream": "^4.0.0",
        "normalize-path": "^3.0.0",
        "readable-stream": "^3.6.0"
      }
    },
    "concat-map": {
      "version": "0.0.1",
      "resolved": "https://artifactory.corp.adobe.com:443/artifactory/api/npm/npmjs-remote/concat-map/-/concat-map-0.0.1.tgz",
      "integrity": "sha1-2Klr13/Wjfd5OnMDajug1UBdR3s="
    },
    "core-util-is": {
      "version": "1.0.2",
      "resolved": "https://artifactory.corp.adobe.com:443/artifactory/api/npm/npmjs-remote/core-util-is/-/core-util-is-1.0.2.tgz",
      "integrity": "sha1-tf1UIgqivFq1eqtxQMlAdUUDwac="
    },
    "crc": {
      "version": "3.8.0",
      "resolved": "https://artifactory.corp.adobe.com:443/artifactory/api/npm/npmjs-remote/crc/-/crc-3.8.0.tgz",
      "integrity": "sha1-rWAmnCyFb4wpnixMwN5FVpFAVsY=",
      "requires": {
        "buffer": "^5.1.0"
      }
    },
    "crc32-stream": {
      "version": "4.0.0",
      "resolved": "https://artifactory.corp.adobe.com:443/artifactory/api/npm/npmjs-remote/crc32-stream/-/crc32-stream-4.0.0.tgz",
      "integrity": "sha1-BbfKBH2DHpjCFVOGZvNyt1bZGJM=",
      "requires": {
        "crc": "^3.4.4",
        "readable-stream": "^3.4.0"
      }
    },
    "end-of-stream": {
      "version": "1.4.4",
      "resolved": "https://artifactory.corp.adobe.com:443/artifactory/api/npm/npmjs-remote/end-of-stream/-/end-of-stream-1.4.4.tgz",
      "integrity": "sha1-WuZKX0UFe682JuwU2gyl5LJDHrA=",
      "requires": {
        "once": "^1.4.0"
      }
    },
    "fs-constants": {
      "version": "1.0.0",
      "resolved": "https://artifactory.corp.adobe.com:443/artifactory/api/npm/npmjs-remote/fs-constants/-/fs-constants-1.0.0.tgz",
      "integrity": "sha1-a+Dem+mYzhavivwkSXue6bfM2a0="
    },
    "fs-minipass": {
      "version": "2.1.0",
      "resolved": "https://artifactory.corp.adobe.com:443/artifactory/api/npm/npmjs-remote/fs-minipass/-/fs-minipass-2.1.0.tgz",
      "integrity": "sha1-f1A2/b8SxjwWkZDL5BmchSJx+fs=",
      "requires": {
        "minipass": "^3.0.0"
      }
    },
    "fs.realpath": {
      "version": "1.0.0",
      "resolved": "https://artifactory.corp.adobe.com:443/artifactory/api/npm/npmjs-remote/fs.realpath/-/fs.realpath-1.0.0.tgz",
      "integrity": "sha1-FQStJSMVjKpA20onh8sBQRmU6k8="
    },
    "glob": {
      "version": "7.1.6",
      "resolved": "https://artifactory.corp.adobe.com:443/artifactory/api/npm/npmjs-remote/glob/-/glob-7.1.6.tgz",
      "integrity": "sha1-FB8zuBp8JJLhJVlDB0gMRmeSeKY=",
      "requires": {
        "fs.realpath": "^1.0.0",
        "inflight": "^1.0.4",
        "inherits": "2",
        "minimatch": "^3.0.4",
        "once": "^1.3.0",
        "path-is-absolute": "^1.0.0"
      }
    },
    "graceful-fs": {
      "version": "4.2.4",
      "resolved": "https://artifactory.corp.adobe.com:443/artifactory/api/npm/npmjs-remote/graceful-fs/-/graceful-fs-4.2.4.tgz",
      "integrity": "sha1-Ila94U02MpWMRl68ltxGfKB6Kfs="
    },
    "ieee754": {
      "version": "1.1.13",
      "resolved": "https://artifactory.corp.adobe.com:443/artifactory/api/npm/npmjs-remote/ieee754/-/ieee754-1.1.13.tgz",
      "integrity": "sha1-7BaFWOlaoYH9h9N/VcMrvLZwi4Q="
    },
    "inflight": {
      "version": "1.0.6",
      "resolved": "https://artifactory.corp.adobe.com:443/artifactory/api/npm/npmjs-remote/inflight/-/inflight-1.0.6.tgz",
      "integrity": "sha1-Sb1jMdfQLQwJvJEKEHW6gWW1bfk=",
      "requires": {
        "once": "^1.3.0",
        "wrappy": "1"
      }
    },
    "inherits": {
      "version": "2.0.4",
      "resolved": "https://artifactory.corp.adobe.com:443/artifactory/api/npm/npmjs-remote/inherits/-/inherits-2.0.4.tgz",
      "integrity": "sha1-D6LGT5MpF8NDOg3tVTY6rjdBa3w="
    },
    "interpret": {
      "version": "1.4.0",
      "resolved": "https://artifactory.corp.adobe.com:443/artifactory/api/npm/npmjs-remote/interpret/-/interpret-1.4.0.tgz",
      "integrity": "sha1-Zlq4vE2iendKQFhOgS4+D6RbGh4="
    },
    "isarray": {
      "version": "1.0.0",
      "resolved": "https://artifactory.corp.adobe.com:443/artifactory/api/npm/npmjs-remote/isarray/-/isarray-1.0.0.tgz",
      "integrity": "sha1-u5NdSFgsuhaMBoNJV6VKPgcSTxE="
    },
    "lazystream": {
      "version": "1.0.0",
      "resolved": "https://artifactory.corp.adobe.com:443/artifactory/api/npm/npmjs-remote/lazystream/-/lazystream-1.0.0.tgz",
      "integrity": "sha1-9plf4PggOS9hOWvolGJAe7dxaOQ=",
      "requires": {
        "readable-stream": "^2.0.5"
      },
      "dependencies": {
        "readable-stream": {
          "version": "2.3.7",
          "resolved": "https://artifactory.corp.adobe.com:443/artifactory/api/npm/npmjs-remote/readable-stream/-/readable-stream-2.3.7.tgz",
          "integrity": "sha1-Hsoc9xGu+BTAT2IlKjamL2yyO1c=",
          "requires": {
            "core-util-is": "~1.0.0",
            "inherits": "~2.0.3",
            "isarray": "~1.0.0",
            "process-nextick-args": "~2.0.0",
            "safe-buffer": "~5.1.1",
            "string_decoder": "~1.1.1",
            "util-deprecate": "~1.0.1"
          }
        }
      }
    },
    "lodash.defaults": {
      "version": "4.2.0",
      "resolved": "https://artifactory.corp.adobe.com:443/artifactory/api/npm/npmjs-remote/lodash.defaults/-/lodash.defaults-4.2.0.tgz",
      "integrity": "sha1-0JF4cW/+pN3p5ft7N/bwgCJ0WAw="
    },
    "lodash.difference": {
      "version": "4.5.0",
      "resolved": "https://artifactory.corp.adobe.com:443/artifactory/api/npm/npmjs-remote/lodash.difference/-/lodash.difference-4.5.0.tgz",
      "integrity": "sha1-nMtOUF1Ia5FlE0V3KIWi3yf9AXw="
    },
    "lodash.flatten": {
      "version": "4.4.0",
      "resolved": "https://artifactory.corp.adobe.com:443/artifactory/api/npm/npmjs-remote/lodash.flatten/-/lodash.flatten-4.4.0.tgz",
      "integrity": "sha1-8xwiIlqWMtK7+OSt2+8kCqdlph8="
    },
    "lodash.isplainobject": {
      "version": "4.0.6",
      "resolved": "https://artifactory.corp.adobe.com:443/artifactory/api/npm/npmjs-remote/lodash.isplainobject/-/lodash.isplainobject-4.0.6.tgz",
      "integrity": "sha1-fFJqUtibRcRcxpC4gWO+BJf1UMs="
    },
    "lodash.union": {
      "version": "4.6.0",
      "resolved": "https://artifactory.corp.adobe.com:443/artifactory/api/npm/npmjs-remote/lodash.union/-/lodash.union-4.6.0.tgz",
      "integrity": "sha1-SLtQiECfFvGCFmZkHETdGqrjzYg="
    },
    "minimatch": {
      "version": "3.0.4",
      "resolved": "https://artifactory.corp.adobe.com:443/artifactory/api/npm/npmjs-remote/minimatch/-/minimatch-3.0.4.tgz",
      "integrity": "sha1-UWbihkV/AzBgZL5Ul+jbsMPTIIM=",
      "requires": {
        "brace-expansion": "^1.1.7"
      }
    },
    "minipass": {
      "version": "3.1.3",
      "resolved": "https://artifactory.corp.adobe.com:443/artifactory/api/npm/npmjs-remote/minipass/-/minipass-3.1.3.tgz",
      "integrity": "sha1-fUL/HzljVILhX5zbUxhN7r1YFf0=",
      "requires": {
        "yallist": "^4.0.0"
      }
    },
    "minizlib": {
      "version": "2.1.2",
      "resolved": "https://artifactory.corp.adobe.com:443/artifactory/api/npm/npmjs-remote/minizlib/-/minizlib-2.1.2.tgz",
      "integrity": "sha1-6Q00Zrogm5MkUVCKEc49NjIUWTE=",
      "requires": {
        "minipass": "^3.0.0",
        "yallist": "^4.0.0"
      }
    },
    "mkdirp": {
      "version": "1.0.4",
      "resolved": "https://artifactory.corp.adobe.com:443/artifactory/api/npm/npmjs-remote/mkdirp/-/mkdirp-1.0.4.tgz",
      "integrity": "sha1-PrXtYmInVteaXw4qIh3+utdcL34="
    },
    "normalize-path": {
      "version": "3.0.0",
      "resolved": "https://artifactory.corp.adobe.com:443/artifactory/api/npm/npmjs-remote/normalize-path/-/normalize-path-3.0.0.tgz",
      "integrity": "sha1-Dc1p/yOhybEf0JeDFmRKA4ghamU="
    },
    "once": {
      "version": "1.4.0",
      "resolved": "https://artifactory.corp.adobe.com:443/artifactory/api/npm/npmjs-remote/once/-/once-1.4.0.tgz",
      "integrity": "sha1-WDsap3WWHUsROsF9nFC6753Xa9E=",
      "requires": {
        "wrappy": "1"
      }
    },
    "path-is-absolute": {
      "version": "1.0.1",
      "resolved": "https://artifactory.corp.adobe.com:443/artifactory/api/npm/npmjs-remote/path-is-absolute/-/path-is-absolute-1.0.1.tgz",
      "integrity": "sha1-F0uSaHNVNP+8es5r9TpanhtcX18="
    },
    "path-parse": {
      "version": "1.0.6",
      "resolved": "https://artifactory.corp.adobe.com:443/artifactory/api/npm/npmjs-remote/path-parse/-/path-parse-1.0.6.tgz",
      "integrity": "sha1-1i27VnlAXXLEc37FhgDp3c8G0kw="
    },
    "process-nextick-args": {
      "version": "2.0.1",
      "resolved": "https://artifactory.corp.adobe.com:443/artifactory/api/npm/npmjs-remote/process-nextick-args/-/process-nextick-args-2.0.1.tgz",
      "integrity": "sha1-eCDZsWEgzFXKmud5JoCufbptf+I="
    },
    "readable-stream": {
      "version": "3.6.0",
      "resolved": "https://artifactory.corp.adobe.com:443/artifactory/api/npm/npmjs-remote/readable-stream/-/readable-stream-3.6.0.tgz",
      "integrity": "sha1-M3u9o63AcGvT4CRCaihtS0sskZg=",
      "requires": {
        "inherits": "^2.0.3",
        "string_decoder": "^1.1.1",
        "util-deprecate": "^1.0.1"
      }
    },
    "readdir-glob": {
      "version": "1.1.1",
      "resolved": "https://artifactory.corp.adobe.com:443/artifactory/api/npm/npmjs-remote/readdir-glob/-/readdir-glob-1.1.1.tgz",
      "integrity": "sha1-8OELt797+n4K3Yuv/cVMP32+5sQ=",
      "requires": {
        "minimatch": "^3.0.4"
      }
    },
    "rechoir": {
      "version": "0.6.2",
      "resolved": "https://artifactory.corp.adobe.com:443/artifactory/api/npm/npmjs-remote/rechoir/-/rechoir-0.6.2.tgz",
      "integrity": "sha1-hSBLVNuoLVdC4oyWdW70OvUOM4Q=",
      "requires": {
        "resolve": "^1.1.6"
      }
    },
    "resolve": {
      "version": "1.17.0",
      "resolved": "https://artifactory.corp.adobe.com:443/artifactory/api/npm/npmjs-remote/resolve/-/resolve-1.17.0.tgz",
      "integrity": "sha1-sllBtUloIxzC0bt2p5y38sC/hEQ=",
      "requires": {
        "path-parse": "^1.0.6"
      }
    },
    "safe-buffer": {
      "version": "5.1.2",
      "resolved": "https://artifactory.corp.adobe.com:443/artifactory/api/npm/npmjs-remote/safe-buffer/-/safe-buffer-5.1.2.tgz",
      "integrity": "sha1-mR7GnSluAxN0fVm9/St0XDX4go0="
    },
    "shelljs": {
      "version": "0.8.4",
      "resolved": "https://artifactory.corp.adobe.com:443/artifactory/api/npm/npmjs-remote/shelljs/-/shelljs-0.8.4.tgz",
      "integrity": "sha1-3naE/ut2f4cWsyYHiooAh1iQ48I=",
      "requires": {
        "glob": "^7.0.0",
        "interpret": "^1.0.0",
        "rechoir": "^0.6.2"
      }
    },
    "string_decoder": {
      "version": "1.1.1",
      "resolved": "https://artifactory.corp.adobe.com:443/artifactory/api/npm/npmjs-remote/string_decoder/-/string_decoder-1.1.1.tgz",
      "integrity": "sha1-nPFhG6YmhdcDCunkujQUnDrwP8g=",
      "requires": {
        "safe-buffer": "~5.1.0"
      }
    },
    "tar": {
      "version": "6.0.5",
      "resolved": "https://artifactory.corp.adobe.com:443/artifactory/api/npm/npmjs-remote/tar/-/tar-6.0.5.tgz",
      "integrity": "sha1-vegVCG4Qs58dzSmOidWW4VNeIA8=",
      "requires": {
        "chownr": "^2.0.0",
        "fs-minipass": "^2.0.0",
        "minipass": "^3.0.0",
        "minizlib": "^2.1.1",
        "mkdirp": "^1.0.3",
        "yallist": "^4.0.0"
      }
    },
    "tar-stream": {
      "version": "2.1.4",
      "resolved": "https://artifactory.corp.adobe.com:443/artifactory/api/npm/npmjs-remote/tar-stream/-/tar-stream-2.1.4.tgz",
      "integrity": "sha1-xPsaEesNopuJOlslR2OXui0FO/o=",
      "requires": {
        "bl": "^4.0.3",
        "end-of-stream": "^1.4.1",
        "fs-constants": "^1.0.0",
        "inherits": "^2.0.3",
        "readable-stream": "^3.1.1"
      }
    },
    "util-deprecate": {
      "version": "1.0.2",
      "resolved": "https://artifactory.corp.adobe.com:443/artifactory/api/npm/npmjs-remote/util-deprecate/-/util-deprecate-1.0.2.tgz",
      "integrity": "sha1-RQ1Nyfpw3nMnYvvS1KKJgUGaDM8="
    },
    "wrappy": {
      "version": "1.0.2",
      "resolved": "https://artifactory.corp.adobe.com:443/artifactory/api/npm/npmjs-remote/wrappy/-/wrappy-1.0.2.tgz",
      "integrity": "sha1-tSQ9jz7BqjXxNkYFvA0QNuMKtp8="
    },
    "yallist": {
      "version": "4.0.0",
      "resolved": "https://artifactory.corp.adobe.com:443/artifactory/api/npm/npmjs-remote/yallist/-/yallist-4.0.0.tgz",
      "integrity": "sha1-m7knkNnA7/7GO+c1GeEaNQGaOnI="
    },
    "zip-stream": {
      "version": "4.0.2",
      "resolved": "https://artifactory.corp.adobe.com:443/artifactory/api/npm/npmjs-remote/zip-stream/-/zip-stream-4.0.2.tgz",
      "integrity": "sha1-OiDxvXcpwrWf1O+gTfXrelohfS4=",
      "requires": {
        "archiver-utils": "^2.1.0",
        "compress-commons": "^4.0.0",
        "readable-stream": "^3.6.0"
      }
    }
  }
}
